
Microsoft Visual Studio Solution File, Format Version 12.00
# Visual Studio Version 17
VisualStudioVersion = 17.0.31903.59
MinimumVisualStudioVersion = 10.0.40219.1
Project("{9A19103F-16F7-4668-BE54-9A1E7A4F7556}") = "Console", "Console\Console.csproj", "{DFD0789E-E85E-4D3B-B0BF-7165317C20D6}"
EndProject
Project("{9A19103F-16F7-4668-BE54-9A1E7A4F7556}") = "Tests", "Tests\Tests.csproj", "{7E6CD1A3-80DE-4E81-9F4C-F76A7F33C66C}"
EndProject
Project("{9A19103F-16F7-4668-BE54-9A1E7A4F7556}") = "CaptainCoder.Tactics.Board", "Board\CaptainCoder.Tactics.Board.csproj", "{ED99B3A1-4FD5-490F-BB2D-3F97E8AF9B67}"
EndProject
Project("{9A19103F-16F7-4668-BE54-9A1E7A4F7556}") = "WebEditor", "WebEditor\WebEditor.csproj", "{27554764-F251-4007-9B45-C7DA43344525}"
EndProject
Project("{9A19103F-16F7-4668-BE54-9A1E7A4F7556}") = "Common", "Common\Common.csproj", "{6EBC3C46-868E-490F-97F2-FDD910BFB098}"
EndProject
Project("{FAE04EC0-301F-11D3-BF4B-00C04F79EFBC}") = "CaptainCoder.TacticsEngine.Editor", "CaptainCoder.TacticsEngine.Editor\CaptainCoder.TacticsEngine.Editor.csproj", "{DE418BB1-E895-44FB-A473-3DB61BCD9BF6}"
EndProject
Global
	GlobalSection(SolutionConfigurationPlatforms) = preSolution
		Debug|Any CPU = Debug|Any CPU
		Release|Any CPU = Release|Any CPU
	EndGlobalSection
	GlobalSection(ProjectConfigurationPlatforms) = postSolution
		{DFD0789E-E85E-4D3B-B0BF-7165317C20D6}.Debug|Any CPU.ActiveCfg = Debug|Any CPU
		{DFD0789E-E85E-4D3B-B0BF-7165317C20D6}.Debug|Any CPU.Build.0 = Debug|Any CPU
		{DFD0789E-E85E-4D3B-B0BF-7165317C20D6}.Release|Any CPU.ActiveCfg = Release|Any CPU
		{DFD0789E-E85E-4D3B-B0BF-7165317C20D6}.Release|Any CPU.Build.0 = Release|Any CPU
		{7E6CD1A3-80DE-4E81-9F4C-F76A7F33C66C}.Debug|Any CPU.ActiveCfg = Debug|Any CPU
		{7E6CD1A3-80DE-4E81-9F4C-F76A7F33C66C}.Debug|Any CPU.Build.0 = Debug|Any CPU
		{7E6CD1A3-80DE-4E81-9F4C-F76A7F33C66C}.Release|Any CPU.ActiveCfg = Release|Any CPU
		{7E6CD1A3-80DE-4E81-9F4C-F76A7F33C66C}.Release|Any CPU.Build.0 = Release|Any CPU
		{ED99B3A1-4FD5-490F-BB2D-3F97E8AF9B67}.Debug|Any CPU.ActiveCfg = Debug|Any CPU
		{ED99B3A1-4FD5-490F-BB2D-3F97E8AF9B67}.Debug|Any CPU.Build.0 = Debug|Any CPU
		{ED99B3A1-4FD5-490F-BB2D-3F97E8AF9B67}.Release|Any CPU.ActiveCfg = Release|Any CPU
		{ED99B3A1-4FD5-490F-BB2D-3F97E8AF9B67}.Release|Any CPU.Build.0 = Release|Any CPU
		{27554764-F251-4007-9B45-C7DA43344525}.Debug|Any CPU.ActiveCfg = Debug|Any CPU
		{27554764-F251-4007-9B45-C7DA43344525}.Debug|Any CPU.Build.0 = Debug|Any CPU
		{27554764-F251-4007-9B45-C7DA43344525}.Release|Any CPU.ActiveCfg = Release|Any CPU
		{27554764-F251-4007-9B45-C7DA43344525}.Release|Any CPU.Build.0 = Release|Any CPU
		{6EBC3C46-868E-490F-97F2-FDD910BFB098}.Debug|Any CPU.ActiveCfg = Debug|Any CPU
		{6EBC3C46-868E-490F-97F2-FDD910BFB098}.Debug|Any CPU.Build.0 = Debug|Any CPU
		{6EBC3C46-868E-490F-97F2-FDD910BFB098}.Release|Any CPU.ActiveCfg = Release|Any CPU
		{6EBC3C46-868E-490F-97F2-FDD910BFB098}.Release|Any CPU.Build.0 = Release|Any CPU
		{DE418BB1-E895-44FB-A473-3DB61BCD9BF6}.Debug|Any CPU.ActiveCfg = Debug|Any CPU
		{DE418BB1-E895-44FB-A473-3DB61BCD9BF6}.Debug|Any CPU.Build.0 = Debug|Any CPU
		{DE418BB1-E895-44FB-A473-3DB61BCD9BF6}.Release|Any CPU.ActiveCfg = Release|Any CPU
		{DE418BB1-E895-44FB-A473-3DB61BCD9BF6}.Release|Any CPU.Build.0 = Release|Any CPU
	EndGlobalSection
	GlobalSection(SolutionProperties) = preSolution
		HideSolutionNode = FALSE
	EndGlobalSection
	GlobalSection(ExtensibilityGlobals) = postSolution
		SolutionGuid = {88FD775A-38B6-49FA-A09C-2700E48BB5E8}
	EndGlobalSection
EndGlobal
